// !$*UTF8*$!
{
	archiveVersion = 1;
	classes = {
	};
	objectVersion = 46;
	objects = {

/* Begin PBXBuildFile section */
		EA02B87F1AC2339B00B59A70 /* AppDelegate.swift in Sources */ = {isa = PBXBuildFile; fileRef = EA02B87E1AC2339B00B59A70 /* AppDelegate.swift */; };
		EA02B8811AC2339B00B59A70 /* ViewController.swift in Sources */ = {isa = PBXBuildFile; fileRef = EA02B8801AC2339B00B59A70 /* ViewController.swift */; };
		EA02B8841AC2339B00B59A70 /* Main.storyboard in Resources */ = {isa = PBXBuildFile; fileRef = EA02B8821AC2339B00B59A70 /* Main.storyboard */; };
		EA02B8861AC2339B00B59A70 /* Images.xcassets in Resources */ = {isa = PBXBuildFile; fileRef = EA02B8851AC2339B00B59A70 /* Images.xcassets */; };
		EA02B8891AC2339B00B59A70 /* LaunchScreen.xib in Resources */ = {isa = PBXBuildFile; fileRef = EA02B8871AC2339B00B59A70 /* LaunchScreen.xib */; };
		EA02B8951AC2339B00B59A70 /* ScrollForKeyboardTests.swift in Sources */ = {isa = PBXBuildFile; fileRef = EA02B8941AC2339B00B59A70 /* ScrollForKeyboardTests.swift */; };
/* End PBXBuildFile section */

/* Begin PBXContainerItemProxy section */
		EA02B88F1AC2339B00B59A70 /* PBXContainerItemProxy */ = {
			isa = PBXContainerItemProxy;
			containerPortal = EA02B8711AC2339B00B59A70 /* Project object */;
			proxyType = 1;
			remoteGlobalIDString = EA02B8781AC2339B00B59A70;
			remoteInfo = ScrollForKeyboard;
		};
/* End PBXContainerItemProxy section */

/* Begin PBXFileReference section */
		EA02B8791AC2339B00B59A70 /* ScrollForKeyboard.app */ = {isa = PBXFileReference; explicitFileType = wrapper.application; includeInIndex = 0; path = ScrollForKeyboard.app; sourceTree = BUILT_PRODUCTS_DIR; };
		EA02B87D1AC2339B00B59A70 /* Info.plist */ = {isa = PBXFileReference; lastKnownFileType = text.plist.xml; path = Info.plist; sourceTree = "<group>"; };
		EA02B87E1AC2339B00B59A70 /* AppDelegate.swift */ = {isa = PBXFileReference; lastKnownFileType = sourcecode.swift; path = AppDelegate.swift; sourceTree = "<group>"; };
		EA02B8801AC2339B00B59A70 /* ViewController.swift */ = {isa = PBXFileReference; lastKnownFileType = sourcecode.swift; path = ViewController.swift; sourceTree = "<group>"; };
		EA02B8831AC2339B00B59A70 /* Base */ = {isa = PBXFileReference; lastKnownFileType = file.storyboard; name = Base; path = Base.lproj/Main.storyboard; sourceTree = "<group>"; };
		EA02B8851AC2339B00B59A70 /* Images.xcassets */ = {isa = PBXFileReference; lastKnownFileType = folder.assetcatalog; path = Images.xcassets; sourceTree = "<group>"; };
		EA02B8881AC2339B00B59A70 /* Base */ = {isa = PBXFileReference; lastKnownFileType = file.xib; name = Base; path = Base.lproj/LaunchScreen.xib; sourceTree = "<group>"; };
		EA02B88E1AC2339B00B59A70 /* ScrollForKeyboardTests.xctest */ = {isa = PBXFileReference; explicitFileType = wrapper.cfbundle; includeInIndex = 0; path = ScrollForKeyboardTests.xctest; sourceTree = BUILT_PRODUCTS_DIR; };
		EA02B8931AC2339B00B59A70 /* Info.plist */ = {isa = PBXFileReference; lastKnownFileType = text.plist.xml; path = Info.plist; sourceTree = "<group>"; };
		EA02B8941AC2339B00B59A70 /* ScrollForKeyboardTests.swift */ = {isa = PBXFileReference; lastKnownFileType = sourcecode.swift; path = ScrollForKeyboardTests.swift; sourceTree = "<group>"; };
/* End PBXFileReference section */

/* Begin PBXFrameworksBuildPhase section */
		EA02B8761AC2339B00B59A70 /* Frameworks */ = {
			isa = PBXFrameworksBuildPhase;
			buildActionMask = 2147483647;
			files = (
			);
			runOnlyForDeploymentPostprocessing = 0;
		};
		EA02B88B1AC2339B00B59A70 /* Frameworks */ = {
			isa = PBXFrameworksBuildPhase;
			buildActionMask = 2147483647;
			files = (
			);
			runOnlyForDeploymentPostprocessing = 0;
		};
/* End PBXFrameworksBuildPhase section */

/* Begin PBXGroup section */
		EA02B8701AC2339B00B59A70 = {
			isa = PBXGroup;
			children = (
				EA02B87B1AC2339B00B59A70 /* ScrollForKeyboard */,
				EA02B8911AC2339B00B59A70 /* ScrollForKeyboardTests */,
				EA02B87A1AC2339B00B59A70 /* Products */,
			);
			sourceTree = "<group>";
		};
		EA02B87A1AC2339B00B59A70 /* Products */ = {
			isa = PBXGroup;
			children = (
				EA02B8791AC2339B00B59A70 /* ScrollForKeyboard.app */,
				EA02B88E1AC2339B00B59A70 /* ScrollForKeyboardTests.xctest */,
			);
			name = Products;
			sourceTree = "<group>";
		};
		EA02B87B1AC2339B00B59A70 /* ScrollForKeyboard */ = {
			isa = PBXGroup;
			children = (
				EA02B87E1AC2339B00B59A70 /* AppDelegate.swift */,
				EA02B8801AC2339B00B59A70 /* ViewController.swift */,
				EA02B8821AC2339B00B59A70 /* Main.storyboard */,
				EA02B8851AC2339B00B59A70 /* Images.xcassets */,
				EA02B8871AC2339B00B59A70 /* LaunchScreen.xib */,
				EA02B87C1AC2339B00B59A70 /* Supporting Files */,
			);
			path = ScrollForKeyboard;
			sourceTree = "<group>";
		};
		EA02B87C1AC2339B00B59A70 /* Supporting Files */ = {
			isa = PBXGroup;
			children = (
				EA02B87D1AC2339B00B59A70 /* Info.plist */,
			);
			name = "Supporting Files";
			sourceTree = "<group>";
		};
		EA02B8911AC2339B00B59A70 /* ScrollForKeyboardTests */ = {
			isa = PBXGroup;
			children = (
				EA02B8941AC2339B00B59A70 /* ScrollForKeyboardTests.swift */,
				EA02B8921AC2339B00B59A70 /* Supporting Files */,
			);
			path = ScrollForKeyboardTests;
			sourceTree = "<group>";
		};
		EA02B8921AC2339B00B59A70 /* Supporting Files */ = {
			isa = PBXGroup;
			children = (
				EA02B8931AC2339B00B59A70 /* Info.plist */,
			);
			name = "Supporting Files";
			sourceTree = "<group>";
		};
/* End PBXGroup section */

/* Begin PBXNativeTarget section */
		EA02B8781AC2339B00B59A70 /* ScrollForKeyboard */ = {
			isa = PBXNativeTarget;
			buildConfigurationList = EA02B8981AC2339B00B59A70 /* Build configuration list for PBXNativeTarget "ScrollForKeyboard" */;
			buildPhases = (
				EA02B8751AC2339B00B59A70 /* Sources */,
				EA02B8761AC2339B00B59A70 /* Frameworks */,
				EA02B8771AC2339B00B59A70 /* Resources */,
			);
			buildRules = (
			);
			dependencies = (
			);
			name = ScrollForKeyboard;
			productName = ScrollForKeyboard;
			productReference = EA02B8791AC2339B00B59A70 /* ScrollForKeyboard.app */;
			productType = "com.apple.product-type.application";
		};
		EA02B88D1AC2339B00B59A70 /* ScrollForKeyboardTests */ = {
			isa = PBXNativeTarget;
			buildConfigurationList = EA02B89B1AC2339B00B59A70 /* Build configuration list for PBXNativeTarget "ScrollForKeyboardTests" */;
			buildPhases = (
				EA02B88A1AC2339B00B59A70 /* Sources */,
				EA02B88B1AC2339B00B59A70 /* Frameworks */,
				EA02B88C1AC2339B00B59A70 /* Resources */,
			);
			buildRules = (
			);
			dependencies = (
				EA02B8901AC2339B00B59A70 /* PBXTargetDependency */,
			);
			name = ScrollForKeyboardTests;
			productName = ScrollForKeyboardTests;
			productReference = EA02B88E1AC2339B00B59A70 /* ScrollForKeyboardTests.xctest */;
			productType = "com.apple.product-type.bundle.unit-test";
		};
/* End PBXNativeTarget section */

/* Begin PBXProject section */
		EA02B8711AC2339B00B59A70 /* Project object */ = {
			isa = PBXProject;
			attributes = {
				LastUpgradeCheck = 0620;
				ORGANIZATIONNAME = Tony;
				TargetAttributes = {
					EA02B8781AC2339B00B59A70 = {
						CreatedOnToolsVersion = 6.2;
					};
					EA02B88D1AC2339B00B59A70 = {
						CreatedOnToolsVersion = 6.2;
						TestTargetID = EA02B8781AC2339B00B59A70;
					};
				};
			};
			buildConfigurationList = EA02B8741AC2339B00B59A70 /* Build configuration list for PBXProject "ScrollForKeyboard" */;
			compatibilityVersion = "Xcode 3.2";
			developmentRegion = English;
			hasScannedForEncodings = 0;
			knownRegions = (
				en,
				Base,
			);
			mainGroup = EA02B8701AC2339B00B59A70;
			productRefGroup = EA02B87A1AC2339B00B59A70 /* Products */;
			projectDirPath = "";
			projectRoot = "";
			targets = (
				EA02B8781AC2339B00B59A70 /* ScrollForKeyboard */,
				EA02B88D1AC2339B00B59A70 /* ScrollForKeyboardTests */,
			);
		};
/* End PBXProject section */

/* Begin PBXResourcesBuildPhase section */
		EA02B8771AC2339B00B59A70 /* Resources */ = {
			isa = PBXResourcesBuildPhase;
			buildActionMask = 2147483647;
			files = (
				EA02B8841AC2339B00B59A70 /* Main.storyboard in Resources */,
				EA02B8891AC2339B00B59A70 /* LaunchScreen.xib in Resources */,
				EA02B8861AC2339B00B59A70 /* Images.xcassets in Resources */,
			);
			runOnlyForDeploymentPostprocessing = 0;
		};
		EA02B88C1AC2339B00B59A70 /* Resources */ = {
			isa = PBXResourcesBuildPhase;
			buildActionMask = 2147483647;
			files = (
			);
			runOnlyForDeploymentPostprocessing = 0;
		};
/* End PBXResourcesBuildPhase section */

/* Begin PBXSourcesBuildPhase section */
		EA02B8751AC2339B00B59A70 /* Sources */ = {
			isa = PBXSourcesBuildPhase;
			buildActionMask = 2147483647;
			files = (
				EA02B8811AC2339B00B59A70 /* ViewController.swift in Sources */,
				EA02B87F1AC2339B00B59A70 /* AppDelegate.swift in Sources */,
			);
			runOnlyForDeploymentPostprocessing = 0;
		};
		EA02B88A1AC2339B00B59A70 /* Sources */ = {
			isa = PBXSourcesBuildPhase;
			buildActionMask = 2147483647;
			files = (
				EA02B8951AC2339B00B59A70 /* ScrollForKeyboardTests.swift in Sources */,
			);
			runOnlyForDeploymentPostprocessing = 0;
		};
/* End PBXSourcesBuildPhase section */

/* Begin PBXTargetDependency section */
		EA02B8901AC2339B00B59A70 /* PBXTargetDependency */ = {
			isa = PBXTargetDependency;
			target = EA02B8781AC2339B00B59A70 /* ScrollForKeyboard */;
			targetProxy = EA02B88F1AC2339B00B59A70 /* PBXContainerItemProxy */;
		};
/* End PBXTargetDependency section */

/* Begin PBXVariantGroup section */
		EA02B8821AC2339B00B59A70 /* Main.storyboard */ = {
			isa = PBXVariantGroup;
			children = (
				EA02B8831AC2339B00B59A70 /* Base */,
			);
			name = Main.storyboard;
			sourceTree = "<group>";
		};
		EA02B8871AC2339B00B59A70 /* LaunchScreen.xib */ = {
			isa = PBXVariantGroup;
			children = (
				EA02B8881AC2339B00B59A70 /* Base */,
			);
			name = LaunchScreen.xib;
			sourceTree = "<group>";
		};
/* End PBXVariantGroup section */

/* Begin XCBuildConfiguration section */
		EA02B8961AC2339B00B59A70 /* Debug */ = {
			isa = XCBuildConfiguration;
			buildSettings = {
				ALWAYS_SEARCH_USER_PATHS = NO;
				CLANG_CXX_LANGUAGE_STANDARD = "gnu++0x";
				CLANG_CXX_LIBRARY = "libc++";
				CLANG_ENABLE_MODULES = YES;
				CLANG_ENABLE_OBJC_ARC = YES;
				CLANG_WARN_BOOL_CONVERSION = YES;
				CLANG_WARN_CONSTANT_CONVERSION = YES;
				CLANG_WARN_DIRECT_OBJC_ISA_USAGE = YES_ERROR;
				CLANG_WARN_EMPTY_BODY = YES;
				CLANG_WARN_ENUM_CONVERSION = YES;
				CLANG_WARN_INT_CONVERSION = YES;
				CLANG_WARN_OBJC_ROOT_CLASS = YES_ERROR;
				CLANG_WARN_UNREACHABLE_CODE = YES;
				CLANG_WARN__DUPLICATE_METHOD_MATCH = YES;
				"CODE_SIGN_IDENTITY[sdk=iphoneos*]" = "iPhone Developer";
				COPY_PHASE_STRIP = NO;
				ENABLE_STRICT_OBJC_MSGSEND = YES;
				GCC_C_LANGUAGE_STANDARD = gnu99;
				GCC_DYNAMIC_NO_PIC = NO;
				GCC_OPTIMIZATION_LEVEL = 0;
				GCC_PREPROCESSOR_DEFINITIONS = (
					"DEBUG=1",
					"$(inherited)",
				);
				GCC_SYMBOLS_PRIVATE_EXTERN = NO;
				GCC_WARN_64_TO_32_BIT_CONVERSION = YES;
				GCC_WARN_ABOUT_RETURN_TYPE = YES_ERROR;
				GCC_WARN_UNDECLARED_SELECTOR = YES;
				GCC_WARN_UNINITIALIZED_AUTOS = YES_AGGRESSIVE;
				GCC_WARN_UNUSED_FUNCTION = YES;
				GCC_WARN_UNUSED_VARIABLE = YES;
				IPHONEOS_DEPLOYMENT_TARGET = 8.2;
				MTL_ENABLE_DEBUG_INFO = YES;
				ONLY_ACTIVE_ARCH = YES;
				SDKROOT = iphoneos;
				SWIFT_OPTIMIZATION_LEVEL = "-Onone";
			};
			name = Debug;
		};
		EA02B8971AC2339B00B59A70 /* Release */ = {
			isa = XCBuildConfiguration;
			buildSettings = {
				ALWAYS_SEARCH_USER_PATHS = NO;
				CLANG_CXX_LANGUAGE_STANDARD = "gnu++0x";
				CLANG_CXX_LIBRARY = "libc++";
				CLANG_ENABLE_MODULES = YES;
				CLANG_ENABLE_OBJC_ARC = YES;
				CLANG_WARN_BOOL_CONVERSION = YES;
				CLANG_WARN_CONSTANT_CONVERSION = YES;
				CLANG_WARN_DIRECT_OBJC_ISA_USAGE = YES_ERROR;
				CLANG_WARN_EMPTY_BODY = YES;
				CLANG_WARN_ENUM_CONVERSION = YES;
				CLANG_WARN_INT_CONVERSION = YES;
				CLANG_WARN_OBJC_ROOT_CLASS = YES_ERROR;
				CLANG_WARN_UNREACHABLE_CODE = YES;
				CLANG_WARN__DUPLICATE_METHOD_MATCH = YES;
				"CODE_SIGN_IDENTITY[sdk=iphoneos*]" = "iPhone Developer";
				COPY_PHASE_STRIP = NO;
				ENABLE_NS_ASSERTIONS = NO;
				ENABLE_STRICT_OBJC_MSGSEND = YES;
				GCC_C_LANGUAGE_STANDARD = gnu99;
				GCC_WARN_64_TO_32_BIT_CONVERSION = YES;
				GCC_WARN_ABOUT_RETURN_TYPE = YES_ERROR;
				GCC_WARN_UNDECLARED_SELECTOR = YES;
				GCC_WARN_UNINITIALIZED_AUTOS = YES_AGGRESSIVE;
				GCC_WARN_UNUSED_FUNCTION = YES;
				GCC_WARN_UNUSED_VARIABLE = YES;
				IPHONEOS_DEPLOYMENT_TARGET = 8.2;
				MTL_ENABLE_DEBUG_INFO = NO;
				SDKROOT = iphoneos;
				VALIDATE_PRODUCT = YES;
			};
			name = Release;
		};
		EA02B8991AC2339B00B59A70 /* Debug */ = {
			isa = XCBuildConfiguration;
			buildSettings = {
				ASSETCATALOG_COMPILER_APPICON_NAME = AppIcon;
				INFOPLIST_FILE = ScrollForKeyboard/Info.plist;
				LD_RUNPATH_SEARCH_PATHS = "$(inherited) @executable_path/Frameworks";
				PRODUCT_NAME = "$(TARGET_NAME)";
			};
			name = Debug;
		};
		EA02B89A1AC2339B00B59A70 /* Release */ = {
			isa = XCBuildConfiguration;
			buildSettings = {
				ASSETCATALOG_COMPILER_APPICON_NAME = AppIcon;
				INFOPLIST_FILE = ScrollForKeyboard/Info.plist;
				LD_RUNPATH_SEARCH_PATHS = "$(inherited) @executable_path/Frameworks";
				PRODUCT_NAME = "$(TARGET_NAME)";
			};
			name = Release;
		};
		EA02B89C1AC2339B00B59A70 /* Debug */ = {
			isa = XCBuildConfiguration;
			buildSettings = {
				BUNDLE_LOADER = "$(TEST_HOST)";
				FRAMEWORK_SEARCH_PATHS = (
					"$(SDKROOT)/Developer/Library/Frameworks",
					"$(inherited)",
				);
				GCC_PREPROCESSOR_DEFINITIONS = (
					"DEBUG=1",
					"$(inherited)",
				);
				INFOPLIST_FILE = ScrollForKeyboardTests/Info.plist;
				LD_RUNPATH_SEARCH_PATHS = "$(inherited) @executable_path/Frameworks @loader_path/Frameworks";
				PRODUCT_NAME = "$(TARGET_NAME)";
				TEST_HOST = "$(BUILT_PRODUCTS_DIR)/ScrollForKeyboard.app/ScrollForKeyboard";
			};
			name = Debug;
		};
		EA02B89D1AC2339B00B59A70 /* Release */ = {
			isa = XCBuildConfiguration;
			buildSettings = {
				BUNDLE_LOADER = "$(TEST_HOST)";
				FRAMEWORK_SEARCH_PATHS = (
					"$(SDKROOT)/Developer/Library/Frameworks",
					"$(inherited)",
				);
				INFOPLIST_FILE = ScrollForKeyboardTests/Info.plist;
				LD_RUNPATH_SEARCH_PATHS = "$(inherited) @executable_path/Frameworks @loader_path/Frameworks";
				PRODUCT_NAME = "$(TARGET_NAME)";
				TEST_HOST = "$(BUILT_PRODUCTS_DIR)/ScrollForKeyboard.app/ScrollForKeyboard";
			};
			name = Release;
		};
/* End XCBuildConfiguration section */

/* Begin XCConfigurationList section */
		EA02B8741AC2339B00B59A70 /* Build configuration list for PBXProject "ScrollForKeyboard" */ = {
			isa = XCConfigurationList;
			buildConfigurations = (
				EA02B8961AC2339B00B59A70 /* Debug */,
				EA02B8971AC2339B00B59A70 /* Release */,
			);
			defaultConfigurationIsVisible = 0;
			defaultConfigurationName = Release;
		};
		EA02B8981AC2339B00B59A70 /* Build configuration list for PBXNativeTarget "ScrollForKeyboard" */ = {
			isa = XCConfigurationList;
			buildConfigurations = (
				EA02B8991AC2339B00B59A70 /* Debug */,
				EA02B89A1AC2339B00B59A70 /* Release */,
			);
			defaultConfigurationIsVisible = 0;
		};
		EA02B89B1AC2339B00B59A70 /* Build configuration list for PBXNativeTarget "ScrollForKeyboardTests" */ = {
			isa = XCConfigurationList;
			buildConfigurations = (
				EA02B89C1AC2339B00B59A70 /* Debug */,
				EA02B89D1AC2339B00B59A70 /* Release */,
			);
			defaultConfigurationIsVisible = 0;
		};
/* End XCConfigurationList section */
	};
	rootObject = EA02B8711AC2339B00B59A70 /* Project object */;
}
